
Microsoft Visual Studio Solution File, Format Version 12.00
# Visual Studio 15
VisualStudioVersion = 15.0.28307.489
MinimumVisualStudioVersion = 10.0.40219.1
Project("{FAE04EC0-301F-11D3-BF4B-00C04F79EFBC}") = "BmpToTextLabyrint", "BmpToTextLabyrint\BmpToTextLabyrint.csproj", "{EF7877EF-8FD0-4DEC-A356-2E219E020060}"
EndProject
Global
	GlobalSection(SolutionConfigurationPlatforms) = preSolution
		Debug|Any CPU = Debug|Any CPU
		Release|Any CPU = Release|Any CPU
	EndGlobalSection
	GlobalSection(ProjectConfigurationPlatforms) = postSolution
		{EF7877EF-8FD0-4DEC-A356-2E219E020060}.Debug|Any CPU.ActiveCfg = Debug|Any CPU
		{EF7877EF-8FD0-4DEC-A356-2E219E020060}.Debug|Any CPU.Build.0 = Debug|Any CPU
		{EF7877EF-8FD0-4DEC-A356-2E219E020060}.Release|Any CPU.ActiveCfg = Release|Any CPU
		{EF7877EF-8FD0-4DEC-A356-2E219E020060}.Release|Any CPU.Build.0 = Release|Any CPU
	EndGlobalSection
	GlobalSection(SolutionProperties) = preSolution
		HideSolutionNode = FALSE
	EndGlobalSection
	GlobalSection(ExtensibilityGlobals) = postSolution
		SolutionGuid = {B94F5475-865C-4924-9BAC-8230A9BB10E4}
	EndGlobalSection
EndGlobal
